
Microsoft Visual Studio Solution File, Format Version 12.00
# Visual Studio Version 17
VisualStudioVersion = 17.0.32112.339
MinimumVisualStudioVersion = 10.0.40219.1
Project("{9A19103F-16F7-4668-BE54-9A1E7A4F7556}") = "ApplicationCore", "ApplicationCore\ApplicationCore.csproj", "{FDF28E5E-BB89-4AD9-A882-3632D088391E}"
EndProject
Project("{9A19103F-16F7-4668-BE54-9A1E7A4F7556}") = "Infrastructure", "Infrastructure\Infrastructure.csproj", "{7CB0A3F2-224E-482C-8000-FCFD67995A33}"
EndProject
Project("{9A19103F-16F7-4668-BE54-9A1E7A4F7556}") = "API", "API\API.csproj", "{9F7EABE3-049A-44C9-8268-8E59E6D456F1}"
EndProject
Project("{2150E333-8FDC-42A3-9474-1A3956D46DE8}") = "src", "src", "{5247D739-1B37-410F-852C-6A69B4C6CC85}"
EndProject
Project("{2150E333-8FDC-42A3-9474-1A3956D46DE8}") = "tests", "tests", "{BE1E20CD-CDA5-42D8-87DF-6719F9385DEB}"
EndProject
Global
	GlobalSection(SolutionConfigurationPlatforms) = preSolution
		Debug|Any CPU = Debug|Any CPU
		Release|Any CPU = Release|Any CPU
	EndGlobalSection
	GlobalSection(ProjectConfigurationPlatforms) = postSolution
		{FDF28E5E-BB89-4AD9-A882-3632D088391E}.Debug|Any CPU.ActiveCfg = Debug|Any CPU
		{FDF28E5E-BB89-4AD9-A882-3632D088391E}.Debug|Any CPU.Build.0 = Debug|Any CPU
		{FDF28E5E-BB89-4AD9-A882-3632D088391E}.Release|Any CPU.ActiveCfg = Release|Any CPU
		{FDF28E5E-BB89-4AD9-A882-3632D088391E}.Release|Any CPU.Build.0 = Release|Any CPU
		{7CB0A3F2-224E-482C-8000-FCFD67995A33}.Debug|Any CPU.ActiveCfg = Debug|Any CPU
		{7CB0A3F2-224E-482C-8000-FCFD67995A33}.Debug|Any CPU.Build.0 = Debug|Any CPU
		{7CB0A3F2-224E-482C-8000-FCFD67995A33}.Release|Any CPU.ActiveCfg = Release|Any CPU
		{7CB0A3F2-224E-482C-8000-FCFD67995A33}.Release|Any CPU.Build.0 = Release|Any CPU
		{9F7EABE3-049A-44C9-8268-8E59E6D456F1}.Debug|Any CPU.ActiveCfg = Debug|Any CPU
		{9F7EABE3-049A-44C9-8268-8E59E6D456F1}.Debug|Any CPU.Build.0 = Debug|Any CPU
		{9F7EABE3-049A-44C9-8268-8E59E6D456F1}.Release|Any CPU.ActiveCfg = Release|Any CPU
		{9F7EABE3-049A-44C9-8268-8E59E6D456F1}.Release|Any CPU.Build.0 = Release|Any CPU
	EndGlobalSection
	GlobalSection(SolutionProperties) = preSolution
		HideSolutionNode = FALSE
	EndGlobalSection
	GlobalSection(NestedProjects) = preSolution
		{FDF28E5E-BB89-4AD9-A882-3632D088391E} = {5247D739-1B37-410F-852C-6A69B4C6CC85}
		{7CB0A3F2-224E-482C-8000-FCFD67995A33} = {5247D739-1B37-410F-852C-6A69B4C6CC85}
		{9F7EABE3-049A-44C9-8268-8E59E6D456F1} = {5247D739-1B37-410F-852C-6A69B4C6CC85}
	EndGlobalSection
	GlobalSection(ExtensibilityGlobals) = postSolution
		SolutionGuid = {CBAD6DE1-17E7-4B37-A194-D8D0A33762ED}
	EndGlobalSection
EndGlobal
